schema: '2.0'
stages:
  prepare:
    cmd: python src/prepare.py
    deps:
    - path: src/prepare.py
      hash: md5
      md5: 7b5874d4b80dd19710c843573cf70ee5
      size: 672
    outs:
    - path: data/raw
      hash: md5
      md5: 23b0000338669d2c61217dbd94633aa0.dir
      size: 54950512
      nfiles: 4
  preprocess:
    cmd: python src/preprocess.py
    deps:
    - path: data/raw
      hash: md5
      md5: 23b0000338669d2c61217dbd94633aa0.dir
      size: 54950512
      nfiles: 4
    - path: src/preprocess.py
      hash: md5
      md5: 57706d9c011ea115e492a891a042301a
      size: 1486
    params:
      params.yaml:
        preprocess.seed: 42
        preprocess.test_size: 0.2
    outs:
    - path: data/processed
      hash: md5
      md5: 0daa9b6961b29daffc794433d536e387.dir
      size: 219590768
      nfiles: 6
  train:
    cmd: python src/train.py
    deps:
    - path: data/processed
      hash: md5
      md5: 0daa9b6961b29daffc794433d536e387.dir
      size: 219590768
      nfiles: 6
    - path: src/train.py
      hash: md5
      md5: dd3b91ed4b6c622dcf2576051012d6b1
      size: 1683
    params:
      params.yaml:
        train.batch_size: 64
        train.dense_units: 256
        train.dropout_rate: 0.2
        train.epochs: 10
        train.learning_rate: 0.001
        train.seed: 42
    outs:
    - path: models/history.csv
      hash: md5
      md5: 6b8a795f9e75c2d91863db16f7fcbeb3
      size: 849
    - path: models/model.h5
      hash: md5
      md5: 5f97689c892b6bc46e9337ffedbf1ca8
      size: 2466904
  evaluate:
    cmd: python src/evaluate.py
    deps:
    - path: data/processed/x_test.npy
      hash: md5
      md5: ecb331c01a52c64580e22c40a5da808d
      size: 31360128
    - path: data/processed/y_test.npy
      hash: md5
      md5: e6d24ffff98bc973b3c14df1b4a56631
      size: 10128
    - path: models/model.h5
      hash: md5
      md5: 5f97689c892b6bc46e9337ffedbf1ca8
      size: 2466904
    - path: src/evaluate.py
      hash: md5
      md5: 781a649207a9d6aa38e4f568d8c9c883
      size: 1624
    outs:
    - path: metrics.json
      hash: md5
      md5: 0120b2459dbafff7e725e20720fe0793
      size: 57
    - path: models/confusion_matrix.png
      hash: md5
      md5: 1af30899507c2af3481b6cc86caf1446
      size: 79367
